{
  "name": "copter",
  "version": "1.0.0",
  "lockfileVersion": 1,
  "requires": true,
  "dependencies": {
    "ar-drone": {
      "version": "0.3.3",
      "resolved": "https://registry.npmjs.org/ar-drone/-/ar-drone-0.3.3.tgz",
      "integrity": "sha1-17lW4j8/EtlKTot6j1dbJc1p9ps=",
      "requires": {
        "buffy": "0.0.4",
        "simple-debug": "1.1.2"
      }
    },
    "buffy": {
      "version": "0.0.4",
      "resolved": "https://registry.npmjs.org/buffy/-/buffy-0.0.4.tgz",
      "integrity": "sha1-0ggQT72bR6h8uwH+Oy7y31QwDfg="
    },
    "commander": {
      "version": "2.1.0",
      "resolved": "https://registry.npmjs.org/commander/-/commander-2.1.0.tgz",
      "integrity": "sha1-0SG7roYNmZKj1Re6lvVliOR8Z4E="
    },
    "dronestream": {
      "version": "1.1.1",
      "resolved": "https://registry.npmjs.org/dronestream/-/dronestream-1.1.1.tgz",
      "integrity": "sha1-DrryUu1uvKC4sb+2run2CBZft/I=",
      "requires": {
        "ar-drone": "0.2.0",
        "buffy": "0.0.5",
        "ws": "0.4.32"
      },
      "dependencies": {
        "ar-drone": {
          "version": "0.2.0",
          "resolved": "https://registry.npmjs.org/ar-drone/-/ar-drone-0.2.0.tgz",
          "integrity": "sha1-EUX1Cyl1/zpux5AFBcpAOb966MA=",
          "requires": {
            "buffy": "0.0.4"
          },
          "dependencies": {
            "buffy": {
              "version": "0.0.4",
              "resolved": "https://registry.npmjs.org/buffy/-/buffy-0.0.4.tgz",
              "integrity": "sha1-0ggQT72bR6h8uwH+Oy7y31QwDfg="
            }
          }
        },
        "buffy": {
          "version": "0.0.5",
          "resolved": "https://registry.npmjs.org/buffy/-/buffy-0.0.5.tgz",
          "integrity": "sha1-714iyWzVHUfJ1cQwBnLM5Zsttxs="
        }
      }
    },
    "lodash": {
      "version": "4.17.10",
      "resolved": "https://registry.npmjs.org/lodash/-/lodash-4.17.10.tgz",
      "integrity": "sha512-UejweD1pDoXu+AD825lWwp4ZGtSwgnpZxb3JDViD7StjQz+Nb/6l093lx4OQ0foGWNRoc19mWy7BzL+UAK2iVg=="
    },
    "nan": {
      "version": "1.0.0",
      "resolved": "https://registry.npmjs.org/nan/-/nan-1.0.0.tgz",
      "integrity": "sha1-riT4hQgY1mL8q1rPfzuVv6oszzg="
    },
    "options": {
      "version": "0.0.6",
      "resolved": "https://registry.npmjs.org/options/-/options-0.0.6.tgz",
      "integrity": "sha1-7CLTEoBrtT5zF3Pnza788cZDEo8="
    },
    "simple-debug": {
      "version": "1.1.2",
      "resolved": "https://registry.npmjs.org/simple-debug/-/simple-debug-1.1.2.tgz",
      "integrity": "sha1-CTTh23WjNwaE96y2Y9FVtNRMxss="
    },
    "tinycolor": {
      "version": "0.0.1",
      "resolved": "https://registry.npmjs.org/tinycolor/-/tinycolor-0.0.1.tgz",
      "integrity": "sha1-MgtaUtg6u1l42Bo+iH1K77FaYWQ="
    },
    "ws": {
      "version": "0.4.32",
      "resolved": "https://registry.npmjs.org/ws/-/ws-0.4.32.tgz",
      "integrity": "sha1-eHphVEFPPJntg8V3IVOyD+sM7DI=",
      "requires": {
        "commander": "2.1.0",
        "nan": "1.0.0",
        "options": "0.0.6",
        "tinycolor": "0.0.1"
      }
    }
  }
}
